
Microsoft Visual Studio Solution File, Format Version 12.00
# Visual Studio Version 17
VisualStudioVersion = 17.5.002.0
MinimumVisualStudioVersion = 10.0.40219.1
Project("{9A19103F-16F7-4668-BE54-9A1E7A4F7556}") = "Design.Pattern", "Design.Pattren\Design.Pattern.csproj", "{3CD494F2-7149-46C7-A6A2-07F96A5DBD3A}"
	ProjectSection(ProjectDependencies) = postProject
		{C90C9729-F8F8-45AD-8AC1-224E6A2C15D0} = {C90C9729-F8F8-45AD-8AC1-224E6A2C15D0}
	EndProjectSection
EndProject
Project("{2150E333-8FDC-42A3-9474-1A3956D46DE8}") = "behavioral", "behavioral", "{6D5AA746-8097-4747-A970-ABCAC74B0F11}"
EndProject
Project("{9A19103F-16F7-4668-BE54-9A1E7A4F7556}") = "Momento", "behavioral\Momento\Momento.csproj", "{D62C00DE-4A08-463D-94C6-AE613E739FD2}"
EndProject
Project("{9A19103F-16F7-4668-BE54-9A1E7A4F7556}") = "State", "behavioral\State\State.csproj", "{F463D224-B6A0-46B0-AFF3-7E0EA727A514}"
EndProject
Project("{9A19103F-16F7-4668-BE54-9A1E7A4F7556}") = "Iterator", "behavioral\Iterator\Iterator.csproj", "{0BDDE1B4-C481-4AC9-85DA-1D4B5C8DF8B6}"
EndProject
Project("{9A19103F-16F7-4668-BE54-9A1E7A4F7556}") = "StrategyPattern", "behavioral\StrategyPattern\StrategyPattern.csproj", "{92316066-4375-4994-85ED-0A9EE75A084F}"
EndProject
Project("{9A19103F-16F7-4668-BE54-9A1E7A4F7556}") = "TemplateMethod", "behavioral\TemplateMethod\TemplateMethod.csproj", "{7FB2DAAD-50E3-4110-B22E-4654C58480DC}"
EndProject
Project("{FAE04EC0-301F-11D3-BF4B-00C04F79EFBC}") = "CommandPattern", "behavioral\CommandPattern\CommandPattern.csproj", "{C90C9729-F8F8-45AD-8AC1-224E6A2C15D0}"
EndProject
Global
	GlobalSection(SolutionConfigurationPlatforms) = preSolution
		Debug|Any CPU = Debug|Any CPU
		Release|Any CPU = Release|Any CPU
	EndGlobalSection
	GlobalSection(ProjectConfigurationPlatforms) = postSolution
		{3CD494F2-7149-46C7-A6A2-07F96A5DBD3A}.Debug|Any CPU.ActiveCfg = Debug|Any CPU
		{3CD494F2-7149-46C7-A6A2-07F96A5DBD3A}.Debug|Any CPU.Build.0 = Debug|Any CPU
		{3CD494F2-7149-46C7-A6A2-07F96A5DBD3A}.Release|Any CPU.ActiveCfg = Release|Any CPU
		{3CD494F2-7149-46C7-A6A2-07F96A5DBD3A}.Release|Any CPU.Build.0 = Release|Any CPU
		{D62C00DE-4A08-463D-94C6-AE613E739FD2}.Debug|Any CPU.ActiveCfg = Debug|Any CPU
		{D62C00DE-4A08-463D-94C6-AE613E739FD2}.Debug|Any CPU.Build.0 = Debug|Any CPU
		{D62C00DE-4A08-463D-94C6-AE613E739FD2}.Release|Any CPU.ActiveCfg = Release|Any CPU
		{D62C00DE-4A08-463D-94C6-AE613E739FD2}.Release|Any CPU.Build.0 = Release|Any CPU
		{F463D224-B6A0-46B0-AFF3-7E0EA727A514}.Debug|Any CPU.ActiveCfg = Debug|Any CPU
		{F463D224-B6A0-46B0-AFF3-7E0EA727A514}.Debug|Any CPU.Build.0 = Debug|Any CPU
		{F463D224-B6A0-46B0-AFF3-7E0EA727A514}.Release|Any CPU.ActiveCfg = Release|Any CPU
		{F463D224-B6A0-46B0-AFF3-7E0EA727A514}.Release|Any CPU.Build.0 = Release|Any CPU
		{0BDDE1B4-C481-4AC9-85DA-1D4B5C8DF8B6}.Debug|Any CPU.ActiveCfg = Debug|Any CPU
		{0BDDE1B4-C481-4AC9-85DA-1D4B5C8DF8B6}.Debug|Any CPU.Build.0 = Debug|Any CPU
		{0BDDE1B4-C481-4AC9-85DA-1D4B5C8DF8B6}.Release|Any CPU.ActiveCfg = Release|Any CPU
		{0BDDE1B4-C481-4AC9-85DA-1D4B5C8DF8B6}.Release|Any CPU.Build.0 = Release|Any CPU
		{92316066-4375-4994-85ED-0A9EE75A084F}.Debug|Any CPU.ActiveCfg = Debug|Any CPU
		{92316066-4375-4994-85ED-0A9EE75A084F}.Debug|Any CPU.Build.0 = Debug|Any CPU
		{92316066-4375-4994-85ED-0A9EE75A084F}.Release|Any CPU.ActiveCfg = Release|Any CPU
		{92316066-4375-4994-85ED-0A9EE75A084F}.Release|Any CPU.Build.0 = Release|Any CPU
		{7FB2DAAD-50E3-4110-B22E-4654C58480DC}.Debug|Any CPU.ActiveCfg = Debug|Any CPU
		{7FB2DAAD-50E3-4110-B22E-4654C58480DC}.Debug|Any CPU.Build.0 = Debug|Any CPU
		{7FB2DAAD-50E3-4110-B22E-4654C58480DC}.Release|Any CPU.ActiveCfg = Release|Any CPU
		{7FB2DAAD-50E3-4110-B22E-4654C58480DC}.Release|Any CPU.Build.0 = Release|Any CPU
		{C90C9729-F8F8-45AD-8AC1-224E6A2C15D0}.Debug|Any CPU.ActiveCfg = Debug|Any CPU
		{C90C9729-F8F8-45AD-8AC1-224E6A2C15D0}.Debug|Any CPU.Build.0 = Debug|Any CPU
		{C90C9729-F8F8-45AD-8AC1-224E6A2C15D0}.Release|Any CPU.ActiveCfg = Release|Any CPU
		{C90C9729-F8F8-45AD-8AC1-224E6A2C15D0}.Release|Any CPU.Build.0 = Release|Any CPU
	EndGlobalSection
	GlobalSection(SolutionProperties) = preSolution
		HideSolutionNode = FALSE
	EndGlobalSection
	GlobalSection(NestedProjects) = preSolution
		{D62C00DE-4A08-463D-94C6-AE613E739FD2} = {6D5AA746-8097-4747-A970-ABCAC74B0F11}
		{F463D224-B6A0-46B0-AFF3-7E0EA727A514} = {6D5AA746-8097-4747-A970-ABCAC74B0F11}
		{0BDDE1B4-C481-4AC9-85DA-1D4B5C8DF8B6} = {6D5AA746-8097-4747-A970-ABCAC74B0F11}
		{92316066-4375-4994-85ED-0A9EE75A084F} = {6D5AA746-8097-4747-A970-ABCAC74B0F11}
		{7FB2DAAD-50E3-4110-B22E-4654C58480DC} = {6D5AA746-8097-4747-A970-ABCAC74B0F11}
		{C90C9729-F8F8-45AD-8AC1-224E6A2C15D0} = {6D5AA746-8097-4747-A970-ABCAC74B0F11}
	EndGlobalSection
	GlobalSection(ExtensibilityGlobals) = postSolution
		SolutionGuid = {85FFE86E-6C58-43DF-A67E-69BC117454F3}
	EndGlobalSection
EndGlobal
