
Microsoft Visual Studio Solution File, Format Version 12.00
# Visual Studio Version 17
VisualStudioVersion = 17.5.002.0
MinimumVisualStudioVersion = 10.0.40219.1
Project("{9A19103F-16F7-4668-BE54-9A1E7A4F7556}") = "Design.Pattern", "Design.Pattren\Design.Pattern.csproj", "{3CD494F2-7149-46C7-A6A2-07F96A5DBD3A}"
	ProjectSection(ProjectDependencies) = postProject
		{C90C9729-F8F8-45AD-8AC1-224E6A2C15D0} = {C90C9729-F8F8-45AD-8AC1-224E6A2C15D0}
		{CD65494E-FBC2-4FAA-B6FC-A97F5B500349} = {CD65494E-FBC2-4FAA-B6FC-A97F5B500349}
	EndProjectSection
EndProject
Project("{2150E333-8FDC-42A3-9474-1A3956D46DE8}") = "behavioral", "behavioral", "{6D5AA746-8097-4747-A970-ABCAC74B0F11}"
EndProject
Project("{9A19103F-16F7-4668-BE54-9A1E7A4F7556}") = "Momento", "behavioral\Momento\Momento.csproj", "{D62C00DE-4A08-463D-94C6-AE613E739FD2}"
EndProject
Project("{9A19103F-16F7-4668-BE54-9A1E7A4F7556}") = "State", "behavioral\State\State.csproj", "{F463D224-B6A0-46B0-AFF3-7E0EA727A514}"
EndProject
Project("{9A19103F-16F7-4668-BE54-9A1E7A4F7556}") = "Iterator", "behavioral\Iterator\Iterator.csproj", "{0BDDE1B4-C481-4AC9-85DA-1D4B5C8DF8B6}"
EndProject
Project("{9A19103F-16F7-4668-BE54-9A1E7A4F7556}") = "StrategyPattern", "behavioral\StrategyPattern\StrategyPattern.csproj", "{92316066-4375-4994-85ED-0A9EE75A084F}"
EndProject
Project("{9A19103F-16F7-4668-BE54-9A1E7A4F7556}") = "TemplateMethod", "behavioral\TemplateMethod\TemplateMethod.csproj", "{7FB2DAAD-50E3-4110-B22E-4654C58480DC}"
EndProject
Project("{9A19103F-16F7-4668-BE54-9A1E7A4F7556}") = "CommandPattern", "behavioral\CommandPattern\CommandPattern.csproj", "{C90C9729-F8F8-45AD-8AC1-224E6A2C15D0}"
EndProject
Project("{9A19103F-16F7-4668-BE54-9A1E7A4F7556}") = "Observer", "behavioral\ObserverDesignPattern\Observer.csproj", "{43A32630-4CE7-461F-861E-2D694C31E627}"
EndProject
Project("{9A19103F-16F7-4668-BE54-9A1E7A4F7556}") = "Mediator", "behavioral\Mediator\Mediator.csproj", "{CD65494E-FBC2-4FAA-B6FC-A97F5B500349}"
EndProject
Project("{FAE04EC0-301F-11D3-BF4B-00C04F79EFBC}") = "COR", "behavioral\COR\COR.csproj", "{D4247298-7D66-460F-A1EC-34601600E663}"
EndProject
Project("{FAE04EC0-301F-11D3-BF4B-00C04F79EFBC}") = "visitor", "behavioral\visitor\visitor.csproj", "{87C78E4C-BE26-47A1-99ED-459234ABDE73}"
EndProject
Project("{2150E333-8FDC-42A3-9474-1A3956D46DE8}") = "Structural", "Structural", "{EF742B61-3251-463F-9138-2B681090B06B}"
EndProject
Project("{FAE04EC0-301F-11D3-BF4B-00C04F79EFBC}") = "Composite", "Structural\Composite\Composite.csproj", "{EAA0EB29-71DA-4A49-B845-D426F9BA7C21}"
EndProject
Project("{FAE04EC0-301F-11D3-BF4B-00C04F79EFBC}") = "Adapter", "Structural\Adapter\Adapter.csproj", "{EBE904EA-3039-4812-841A-638EC6A02C43}"
EndProject
Project("{FAE04EC0-301F-11D3-BF4B-00C04F79EFBC}") = "Decorator", "Structural\Decorator\Decorator.csproj", "{2E60FDD7-C1F5-4868-AA14-436E923C30C4}"
EndProject
Project("{FAE04EC0-301F-11D3-BF4B-00C04F79EFBC}") = "Facade", "Structural\Facade\Facade.csproj", "{E9C2A406-D7B0-4305-8A3D-997251E37858}"
EndProject
Project("{FAE04EC0-301F-11D3-BF4B-00C04F79EFBC}") = "Flyweight", "Structural\Flyweight\Flyweight.csproj", "{2FD963CE-A5E5-41A6-A3D4-39231DE552B7}"
EndProject
Global
	GlobalSection(SolutionConfigurationPlatforms) = preSolution
		Debug|Any CPU = Debug|Any CPU
		Release|Any CPU = Release|Any CPU
	EndGlobalSection
	GlobalSection(ProjectConfigurationPlatforms) = postSolution
		{3CD494F2-7149-46C7-A6A2-07F96A5DBD3A}.Debug|Any CPU.ActiveCfg = Debug|Any CPU
		{3CD494F2-7149-46C7-A6A2-07F96A5DBD3A}.Debug|Any CPU.Build.0 = Debug|Any CPU
		{3CD494F2-7149-46C7-A6A2-07F96A5DBD3A}.Release|Any CPU.ActiveCfg = Release|Any CPU
		{3CD494F2-7149-46C7-A6A2-07F96A5DBD3A}.Release|Any CPU.Build.0 = Release|Any CPU
		{D62C00DE-4A08-463D-94C6-AE613E739FD2}.Debug|Any CPU.ActiveCfg = Debug|Any CPU
		{D62C00DE-4A08-463D-94C6-AE613E739FD2}.Debug|Any CPU.Build.0 = Debug|Any CPU
		{D62C00DE-4A08-463D-94C6-AE613E739FD2}.Release|Any CPU.ActiveCfg = Release|Any CPU
		{D62C00DE-4A08-463D-94C6-AE613E739FD2}.Release|Any CPU.Build.0 = Release|Any CPU
		{F463D224-B6A0-46B0-AFF3-7E0EA727A514}.Debug|Any CPU.ActiveCfg = Debug|Any CPU
		{F463D224-B6A0-46B0-AFF3-7E0EA727A514}.Debug|Any CPU.Build.0 = Debug|Any CPU
		{F463D224-B6A0-46B0-AFF3-7E0EA727A514}.Release|Any CPU.ActiveCfg = Release|Any CPU
		{F463D224-B6A0-46B0-AFF3-7E0EA727A514}.Release|Any CPU.Build.0 = Release|Any CPU
		{0BDDE1B4-C481-4AC9-85DA-1D4B5C8DF8B6}.Debug|Any CPU.ActiveCfg = Debug|Any CPU
		{0BDDE1B4-C481-4AC9-85DA-1D4B5C8DF8B6}.Debug|Any CPU.Build.0 = Debug|Any CPU
		{0BDDE1B4-C481-4AC9-85DA-1D4B5C8DF8B6}.Release|Any CPU.ActiveCfg = Release|Any CPU
		{0BDDE1B4-C481-4AC9-85DA-1D4B5C8DF8B6}.Release|Any CPU.Build.0 = Release|Any CPU
		{92316066-4375-4994-85ED-0A9EE75A084F}.Debug|Any CPU.ActiveCfg = Debug|Any CPU
		{92316066-4375-4994-85ED-0A9EE75A084F}.Debug|Any CPU.Build.0 = Debug|Any CPU
		{92316066-4375-4994-85ED-0A9EE75A084F}.Release|Any CPU.ActiveCfg = Release|Any CPU
		{92316066-4375-4994-85ED-0A9EE75A084F}.Release|Any CPU.Build.0 = Release|Any CPU
		{7FB2DAAD-50E3-4110-B22E-4654C58480DC}.Debug|Any CPU.ActiveCfg = Debug|Any CPU
		{7FB2DAAD-50E3-4110-B22E-4654C58480DC}.Debug|Any CPU.Build.0 = Debug|Any CPU
		{7FB2DAAD-50E3-4110-B22E-4654C58480DC}.Release|Any CPU.ActiveCfg = Release|Any CPU
		{7FB2DAAD-50E3-4110-B22E-4654C58480DC}.Release|Any CPU.Build.0 = Release|Any CPU
		{C90C9729-F8F8-45AD-8AC1-224E6A2C15D0}.Debug|Any CPU.ActiveCfg = Debug|Any CPU
		{C90C9729-F8F8-45AD-8AC1-224E6A2C15D0}.Debug|Any CPU.Build.0 = Debug|Any CPU
		{C90C9729-F8F8-45AD-8AC1-224E6A2C15D0}.Release|Any CPU.ActiveCfg = Release|Any CPU
		{C90C9729-F8F8-45AD-8AC1-224E6A2C15D0}.Release|Any CPU.Build.0 = Release|Any CPU
		{43A32630-4CE7-461F-861E-2D694C31E627}.Debug|Any CPU.ActiveCfg = Debug|Any CPU
		{43A32630-4CE7-461F-861E-2D694C31E627}.Debug|Any CPU.Build.0 = Debug|Any CPU
		{43A32630-4CE7-461F-861E-2D694C31E627}.Release|Any CPU.ActiveCfg = Release|Any CPU
		{43A32630-4CE7-461F-861E-2D694C31E627}.Release|Any CPU.Build.0 = Release|Any CPU
		{CD65494E-FBC2-4FAA-B6FC-A97F5B500349}.Debug|Any CPU.ActiveCfg = Debug|Any CPU
		{CD65494E-FBC2-4FAA-B6FC-A97F5B500349}.Debug|Any CPU.Build.0 = Debug|Any CPU
		{CD65494E-FBC2-4FAA-B6FC-A97F5B500349}.Release|Any CPU.ActiveCfg = Release|Any CPU
		{CD65494E-FBC2-4FAA-B6FC-A97F5B500349}.Release|Any CPU.Build.0 = Release|Any CPU
		{D4247298-7D66-460F-A1EC-34601600E663}.Debug|Any CPU.ActiveCfg = Debug|Any CPU
		{D4247298-7D66-460F-A1EC-34601600E663}.Debug|Any CPU.Build.0 = Debug|Any CPU
		{D4247298-7D66-460F-A1EC-34601600E663}.Release|Any CPU.ActiveCfg = Release|Any CPU
		{D4247298-7D66-460F-A1EC-34601600E663}.Release|Any CPU.Build.0 = Release|Any CPU
		{87C78E4C-BE26-47A1-99ED-459234ABDE73}.Debug|Any CPU.ActiveCfg = Debug|Any CPU
		{87C78E4C-BE26-47A1-99ED-459234ABDE73}.Debug|Any CPU.Build.0 = Debug|Any CPU
		{87C78E4C-BE26-47A1-99ED-459234ABDE73}.Release|Any CPU.ActiveCfg = Release|Any CPU
		{87C78E4C-BE26-47A1-99ED-459234ABDE73}.Release|Any CPU.Build.0 = Release|Any CPU
		{EAA0EB29-71DA-4A49-B845-D426F9BA7C21}.Debug|Any CPU.ActiveCfg = Debug|Any CPU
		{EAA0EB29-71DA-4A49-B845-D426F9BA7C21}.Debug|Any CPU.Build.0 = Debug|Any CPU
		{EAA0EB29-71DA-4A49-B845-D426F9BA7C21}.Release|Any CPU.ActiveCfg = Release|Any CPU
		{EAA0EB29-71DA-4A49-B845-D426F9BA7C21}.Release|Any CPU.Build.0 = Release|Any CPU
		{EBE904EA-3039-4812-841A-638EC6A02C43}.Debug|Any CPU.ActiveCfg = Debug|Any CPU
		{EBE904EA-3039-4812-841A-638EC6A02C43}.Debug|Any CPU.Build.0 = Debug|Any CPU
		{EBE904EA-3039-4812-841A-638EC6A02C43}.Release|Any CPU.ActiveCfg = Release|Any CPU
		{EBE904EA-3039-4812-841A-638EC6A02C43}.Release|Any CPU.Build.0 = Release|Any CPU
		{2E60FDD7-C1F5-4868-AA14-436E923C30C4}.Debug|Any CPU.ActiveCfg = Debug|Any CPU
		{2E60FDD7-C1F5-4868-AA14-436E923C30C4}.Debug|Any CPU.Build.0 = Debug|Any CPU
		{2E60FDD7-C1F5-4868-AA14-436E923C30C4}.Release|Any CPU.ActiveCfg = Release|Any CPU
		{2E60FDD7-C1F5-4868-AA14-436E923C30C4}.Release|Any CPU.Build.0 = Release|Any CPU
		{E9C2A406-D7B0-4305-8A3D-997251E37858}.Debug|Any CPU.ActiveCfg = Debug|Any CPU
		{E9C2A406-D7B0-4305-8A3D-997251E37858}.Debug|Any CPU.Build.0 = Debug|Any CPU
		{E9C2A406-D7B0-4305-8A3D-997251E37858}.Release|Any CPU.ActiveCfg = Release|Any CPU
		{E9C2A406-D7B0-4305-8A3D-997251E37858}.Release|Any CPU.Build.0 = Release|Any CPU
		{2FD963CE-A5E5-41A6-A3D4-39231DE552B7}.Debug|Any CPU.ActiveCfg = Debug|Any CPU
		{2FD963CE-A5E5-41A6-A3D4-39231DE552B7}.Debug|Any CPU.Build.0 = Debug|Any CPU
		{2FD963CE-A5E5-41A6-A3D4-39231DE552B7}.Release|Any CPU.ActiveCfg = Release|Any CPU
		{2FD963CE-A5E5-41A6-A3D4-39231DE552B7}.Release|Any CPU.Build.0 = Release|Any CPU
	EndGlobalSection
	GlobalSection(SolutionProperties) = preSolution
		HideSolutionNode = FALSE
	EndGlobalSection
	GlobalSection(NestedProjects) = preSolution
		{D62C00DE-4A08-463D-94C6-AE613E739FD2} = {6D5AA746-8097-4747-A970-ABCAC74B0F11}
		{F463D224-B6A0-46B0-AFF3-7E0EA727A514} = {6D5AA746-8097-4747-A970-ABCAC74B0F11}
		{0BDDE1B4-C481-4AC9-85DA-1D4B5C8DF8B6} = {6D5AA746-8097-4747-A970-ABCAC74B0F11}
		{92316066-4375-4994-85ED-0A9EE75A084F} = {6D5AA746-8097-4747-A970-ABCAC74B0F11}
		{7FB2DAAD-50E3-4110-B22E-4654C58480DC} = {6D5AA746-8097-4747-A970-ABCAC74B0F11}
		{C90C9729-F8F8-45AD-8AC1-224E6A2C15D0} = {6D5AA746-8097-4747-A970-ABCAC74B0F11}
		{43A32630-4CE7-461F-861E-2D694C31E627} = {6D5AA746-8097-4747-A970-ABCAC74B0F11}
		{CD65494E-FBC2-4FAA-B6FC-A97F5B500349} = {6D5AA746-8097-4747-A970-ABCAC74B0F11}
		{D4247298-7D66-460F-A1EC-34601600E663} = {6D5AA746-8097-4747-A970-ABCAC74B0F11}
		{87C78E4C-BE26-47A1-99ED-459234ABDE73} = {6D5AA746-8097-4747-A970-ABCAC74B0F11}
		{EAA0EB29-71DA-4A49-B845-D426F9BA7C21} = {EF742B61-3251-463F-9138-2B681090B06B}
		{EBE904EA-3039-4812-841A-638EC6A02C43} = {EF742B61-3251-463F-9138-2B681090B06B}
		{2E60FDD7-C1F5-4868-AA14-436E923C30C4} = {EF742B61-3251-463F-9138-2B681090B06B}
		{E9C2A406-D7B0-4305-8A3D-997251E37858} = {EF742B61-3251-463F-9138-2B681090B06B}
		{2FD963CE-A5E5-41A6-A3D4-39231DE552B7} = {EF742B61-3251-463F-9138-2B681090B06B}
	EndGlobalSection
	GlobalSection(ExtensibilityGlobals) = postSolution
		SolutionGuid = {85FFE86E-6C58-43DF-A67E-69BC117454F3}
	EndGlobalSection
EndGlobal
